
Microsoft Visual Studio Solution File, Format Version 12.00
# Visual Studio Version 17
VisualStudioVersion = 17.2.32616.157
MinimumVisualStudioVersion = 10.0.40219.1
Project("{FAE04EC0-301F-11D3-BF4B-00C04F79EFBC}") = "RecapDemo2", "RecapDemo2\RecapDemo2.csproj", "{A77EA5A3-7892-4DDF-98D8-6BE390BE5FC6}"
EndProject
Global
	GlobalSection(SolutionConfigurationPlatforms) = preSolution
		Debug|Any CPU = Debug|Any CPU
		Release|Any CPU = Release|Any CPU
	EndGlobalSection
	GlobalSection(ProjectConfigurationPlatforms) = postSolution
		{A77EA5A3-7892-4DDF-98D8-6BE390BE5FC6}.Debug|Any CPU.ActiveCfg = Debug|Any CPU
		{A77EA5A3-7892-4DDF-98D8-6BE390BE5FC6}.Debug|Any CPU.Build.0 = Debug|Any CPU
		{A77EA5A3-7892-4DDF-98D8-6BE390BE5FC6}.Release|Any CPU.ActiveCfg = Release|Any CPU
		{A77EA5A3-7892-4DDF-98D8-6BE390BE5FC6}.Release|Any CPU.Build.0 = Release|Any CPU
	EndGlobalSection
	GlobalSection(SolutionProperties) = preSolution
		HideSolutionNode = FALSE
	EndGlobalSection
	GlobalSection(ExtensibilityGlobals) = postSolution
		SolutionGuid = {E57A2111-18A5-4FF5-BA7F-43AA5DF38B4F}
	EndGlobalSection
EndGlobal
