
Microsoft Visual Studio Solution File, Format Version 12.00
# Visual Studio Version 17
VisualStudioVersion = 17.2.32616.157
MinimumVisualStudioVersion = 10.0.40219.1
Project("{FAE04EC0-301F-11D3-BF4B-00C04F79EFBC}") = "Inheritance", "Inheritance\Inheritance.csproj", "{C2563EE8-BB64-4DC4-9747-1B1A7EBD114B}"
EndProject
Global
	GlobalSection(SolutionConfigurationPlatforms) = preSolution
		Debug|Any CPU = Debug|Any CPU
		Release|Any CPU = Release|Any CPU
	EndGlobalSection
	GlobalSection(ProjectConfigurationPlatforms) = postSolution
		{C2563EE8-BB64-4DC4-9747-1B1A7EBD114B}.Debug|Any CPU.ActiveCfg = Debug|Any CPU
		{C2563EE8-BB64-4DC4-9747-1B1A7EBD114B}.Debug|Any CPU.Build.0 = Debug|Any CPU
		{C2563EE8-BB64-4DC4-9747-1B1A7EBD114B}.Release|Any CPU.ActiveCfg = Release|Any CPU
		{C2563EE8-BB64-4DC4-9747-1B1A7EBD114B}.Release|Any CPU.Build.0 = Release|Any CPU
	EndGlobalSection
	GlobalSection(SolutionProperties) = preSolution
		HideSolutionNode = FALSE
	EndGlobalSection
	GlobalSection(ExtensibilityGlobals) = postSolution
		SolutionGuid = {713C708C-29D9-46A7-9B82-8E2FEDECA77B}
	EndGlobalSection
EndGlobal
