
Microsoft Visual Studio Solution File, Format Version 12.00
# Visual Studio Version 17
VisualStudioVersion = 17.2.32616.157
MinimumVisualStudioVersion = 10.0.40219.1
Project("{FAE04EC0-301F-11D3-BF4B-00C04F79EFBC}") = "VirtualMethods", "VirtualMethods\VirtualMethods.csproj", "{C97B48DE-F9C6-41FB-ACA1-F79D1B180B8C}"
EndProject
Global
	GlobalSection(SolutionConfigurationPlatforms) = preSolution
		Debug|Any CPU = Debug|Any CPU
		Release|Any CPU = Release|Any CPU
	EndGlobalSection
	GlobalSection(ProjectConfigurationPlatforms) = postSolution
		{C97B48DE-F9C6-41FB-ACA1-F79D1B180B8C}.Debug|Any CPU.ActiveCfg = Debug|Any CPU
		{C97B48DE-F9C6-41FB-ACA1-F79D1B180B8C}.Debug|Any CPU.Build.0 = Debug|Any CPU
		{C97B48DE-F9C6-41FB-ACA1-F79D1B180B8C}.Release|Any CPU.ActiveCfg = Release|Any CPU
		{C97B48DE-F9C6-41FB-ACA1-F79D1B180B8C}.Release|Any CPU.Build.0 = Release|Any CPU
	EndGlobalSection
	GlobalSection(SolutionProperties) = preSolution
		HideSolutionNode = FALSE
	EndGlobalSection
	GlobalSection(ExtensibilityGlobals) = postSolution
		SolutionGuid = {72D1D2AD-9C0B-4B21-8658-4058CF3242C0}
	EndGlobalSection
EndGlobal
